{
  "name": "@apparently/query",
  "version": "0.0.1",
  "lockfileVersion": 2,
  "requires": true,
  "packages": {
    "": {
      "name": "@apparently/query",
      "version": "0.0.1",
      "license": "MIT",
      "dependencies": {
        "solid-js": "^1.5.5"
      }
    },
    "node_modules/csstype": {
      "version": "3.1.1",
      "resolved": "https://registry.npmjs.org/csstype/-/csstype-3.1.1.tgz",
      "integrity": "sha512-DJR/VvkAvSZW9bTouZue2sSxDwdTN92uHjqeKVm+0dAqdfNykRzQ95tay8aXMBAAPpUiq4Qcug2L7neoRh2Egw=="
    },
    "node_modules/solid-js": {
      "version": "1.5.5",
      "resolved": "https://registry.npmjs.org/solid-js/-/solid-js-1.5.5.tgz",
      "integrity": "sha512-5gXszD7ekhe59IyMa3+AvREJnBWVjwaeC7afL8C3UNPj5gQQCrsMs/cXwI3JRpj6D+3TESTyuQ2sY++m4cYiTg==",
      "dependencies": {
        "csstype": "^3.1.0"
      }
    }
  },
  "dependencies": {
    "csstype": {
      "version": "3.1.1",
      "resolved": "https://registry.npmjs.org/csstype/-/csstype-3.1.1.tgz",
      "integrity": "sha512-DJR/VvkAvSZW9bTouZue2sSxDwdTN92uHjqeKVm+0dAqdfNykRzQ95tay8aXMBAAPpUiq4Qcug2L7neoRh2Egw=="
    },
    "solid-js": {
      "version": "1.5.5",
      "resolved": "https://registry.npmjs.org/solid-js/-/solid-js-1.5.5.tgz",
      "integrity": "sha512-5gXszD7ekhe59IyMa3+AvREJnBWVjwaeC7afL8C3UNPj5gQQCrsMs/cXwI3JRpj6D+3TESTyuQ2sY++m4cYiTg==",
      "requires": {
        "csstype": "^3.1.0"
      }
    }
  }
}
